# This file is generated by running "yarn install" inside your project.
# Manual changes might be lost - proceed with caution!

__metadata:
  version: 6
  cacheKey: 8

"eslint-plugin-custom-rules@workspace:.":
  version: 0.0.0-use.local
  resolution: "eslint-plugin-custom-rules@workspace:."
  dependencies:
    requireindex: 1.2.0
  peerDependencies:
    eslint: ">=7"
  languageName: unknown
  linkType: soft

"requireindex@npm:1.2.0":
  version: 1.2.0
  resolution: "requireindex@npm:1.2.0"
  checksum: 50d8b10a1ff1fdf6aea7a1870bc7bd238b0fb1917d8d7ca17fd03afc38a65dcd7a8a4eddd031f89128b5f0065833d5c92c4fef67f2c04e8624057fe626c9cf94
  languageName: node
  linkType: hard
