# @generated - this file is auto-generated by `mise lock` https://mise.jdx.dev/dev-tools/mise-lock.html

[[tools.node]]
version = "22.22.3"
backend = "core:node"

[tools.node."platforms.linux-arm64"]
checksum = "sha256:cc8bc82b2dd0b595c3b95a4c3c9c8c350907cff011afbdee3d1379e812e1e3e3"
url = "https://nodejs.org/dist/v22.22.3/node-v22.22.3-linux-arm64.tar.gz"

[tools.node."platforms.linux-arm64-musl"]
checksum = "sha256:09c87acbafae65e18fcc0eb188376c1254cab74dc769118f4b60479c5fa326cf"
url = "https://unofficial-builds.nodejs.org/download/release/v22.22.3/node-v22.22.3-linux-arm64-musl.tar.gz"

[tools.node."platforms.linux-x64"]
checksum = "sha256:c7a10d6816da8eaaa7534dd73c71c6e2b2c391dbbf845e364902d156615dd1b8"
url = "https://nodejs.org/dist/v22.22.3/node-v22.22.3-linux-x64.tar.gz"

[tools.node."platforms.linux-x64-musl"]
checksum = "sha256:d227692583d6ae17c44028fd8f17cb1b3672167a6baa035818240cbb9db6ea4a"
url = "https://unofficial-builds.nodejs.org/download/release/v22.22.3/node-v22.22.3-linux-x64-musl.tar.gz"

[tools.node."platforms.macos-arm64"]
checksum = "sha256:0da7ff74ef8611328c8212f17943368713a2ad953fb7d89a8c8a0eae87c23207"
url = "https://nodejs.org/dist/v22.22.3/node-v22.22.3-darwin-arm64.tar.gz"

[tools.node."platforms.macos-x64"]
checksum = "sha256:45830ba752fa0d892c6dcd640946669801293cac820a33591ded40ac075198ec"
url = "https://nodejs.org/dist/v22.22.3/node-v22.22.3-darwin-x64.tar.gz"

[tools.node."platforms.windows-x64"]
checksum = "sha256:6c8d54f635feff4df76c2ca80f45332eb2ff57d25226edce36592e51a177ee33"
url = "https://nodejs.org/dist/v22.22.3/node-v22.22.3-win-x64.zip"

[[tools.python]]
version = "3.12.13"
backend = "core:python"

[tools.python."platforms.linux-arm64"]
checksum = "sha256:5779f28830c6c5f32184c41e0a1c4afb355961cf9fbce18f43391d083a2ae924"
url = "https://github.com/astral-sh/python-build-standalone/releases/download/20260804/cpython-3.12.13+20260804-aarch64-unknown-linux-gnu-install_only_stripped.tar.gz"
provenance = "github-attestations"

[tools.python."platforms.linux-arm64-musl"]
checksum = "sha256:0433f0773382c086a39201ebd8bc8f72989490ac7a2f3e17565d46e0a52740ea"
url = "https://github.com/astral-sh/python-build-standalone/releases/download/20260804/cpython-3.12.13+20260804-aarch64-unknown-linux-musl-install_only_stripped.tar.gz"
provenance = "github-attestations"

[tools.python."platforms.linux-x64"]
checksum = "sha256:ce2c9c5df1b99a962a86d2f457656918ee5f01b2edea080db28416232a1fcb11"
url = "https://github.com/astral-sh/python-build-standalone/releases/download/20260804/cpython-3.12.13+20260804-x86_64-unknown-linux-gnu-install_only_stripped.tar.gz"
provenance = "github-attestations"

[tools.python."platforms.linux-x64-musl"]
checksum = "sha256:35e884cdc86a4f05b975dc0d46cc74d6466aafdd8e6e20232c4f833123f8cc55"
url = "https://github.com/astral-sh/python-build-standalone/releases/download/20260804/cpython-3.12.13+20260804-x86_64-unknown-linux-musl-install_only_stripped.tar.gz"
provenance = "github-attestations"

[tools.python."platforms.macos-arm64"]
checksum = "sha256:b00971ee829e39965e2bda5585666dfdcc74bd1bd97f4b75071b3b05cecf52fd"
url = "https://github.com/astral-sh/python-build-standalone/releases/download/20260804/cpython-3.12.13+20260804-aarch64-apple-darwin-install_only_stripped.tar.gz"
provenance = "github-attestations"

[tools.python."platforms.macos-x64"]
checksum = "sha256:23c1069b954060a875cce80a2d98afe9ca20b8e5244cf8df6c9475497d78bc4c"
url = "https://github.com/astral-sh/python-build-standalone/releases/download/20260804/cpython-3.12.13+20260804-x86_64-apple-darwin-install_only_stripped.tar.gz"
provenance = "github-attestations"

[tools.python."platforms.windows-x64"]
checksum = "sha256:7651644d6060b44ec4ba0823b8769adba094927fea6acdc46594623f45786076"
url = "https://github.com/astral-sh/python-build-standalone/releases/download/20260804/cpython-3.12.13+20260804-x86_64-pc-windows-msvc-install_only_stripped.tar.gz"
provenance = "github-attestations"
