# THIS IS AN AUTOGENERATED FILE. DO NOT EDIT THIS FILE DIRECTLY.
# yarn lockfile v1


ip6@^0.2.10:
  version "0.2.10"
  resolved "https://registry.yarnpkg.com/ip6/-/ip6-0.2.10.tgz#19c07f70b68e1f3b40685d69c8cec0ea9e4ec0fd"
  integrity sha512-1LdpyKjhvepd6EbAU6rW4g14vuYtx5TnJX9TfZZBhsM6DsyPQLNzW12rtbUqXBMwqFrLVV/Gcxv0GNFvJp2cYA==

ipaddr.js@^2.2.0:
  version "2.2.0"
  resolved "https://registry.yarnpkg.com/ipaddr.js/-/ipaddr.js-2.2.0.tgz#d33fa7bac284f4de7af949638c9d68157c6b92e8"
  integrity sha512-Ag3wB2o37wslZS19hZqorUnrnzSkpOVy+IiiDEiTqNubEYpYuHWIf6K4psgN2ZWKExS4xhVCrRVfb/wfW8fWJA==

range_check@^3.2.0:
  version "3.2.0"
  resolved "https://registry.yarnpkg.com/range_check/-/range_check-3.2.0.tgz#6ef17940bb382a7fb905ecda8204f2f28ce7f61d"
  integrity sha512-JxiMqvzQJJLt5vaKSUm7f++UkDM1TuMbkQsqRZJYaSvvCTTVtoUMkE/rm+ZNgLXNFAQPhO74WgMPHJaxz/JOEA==
  dependencies:
    ip6 "^0.2.10"
    ipaddr.js "^2.2.0"
