{
  "name": "docker",
  "lockfileVersion": 2,
  "requires": true,
  "packages": {
    "": {
      "dependencies": {
        "@graphql-tools/merge": "^8.1.2"
      }
    },
    "node_modules/@graphql-tools/merge": {
      "version": "8.1.2",
      "resolved": "https://registry.npmjs.org/@graphql-tools/merge/-/merge-8.1.2.tgz",
      "integrity": "sha512-kFLd4kKNJXYXnKIhM8q9zgGAtbLmsy3WmGdDxYq3YHBJUogucAxnivQYyRIseUq37KGmSAIWu3pBQ23TKGsGOw==",
      "dependencies": {
        "@graphql-tools/utils": "^8.2.2",
        "tslib": "~2.3.0"
      },
      "peerDependencies": {
        "graphql": "^14.0.0 || ^15.0.0 || ^16.0.0"
      }
    },
    "node_modules/@graphql-tools/utils": {
      "version": "8.3.0",
      "resolved": "https://registry.npmjs.org/@graphql-tools/utils/-/utils-8.3.0.tgz",
      "integrity": "sha512-ksE0RxS0AFllo6KIJjvQsRgcUAzoyZUgUrDbCngv4SaQwyX9YxTfddTLN4uQmbiZB9h25fPp/Xgeyaa3ARCzgg==",
      "dependencies": {
        "tslib": "~2.3.0"
      },
      "peerDependencies": {
        "graphql": "^14.0.0 || ^15.0.0 || ^16.0.0"
      }
    },
    "node_modules/graphql": {
      "version": "15.6.1",
      "resolved": "https://registry.npmjs.org/graphql/-/graphql-15.6.1.tgz",
      "integrity": "sha512-3i5lu0z6dRvJ48QP9kFxBkJ7h4Kso7PS8eahyTFz5Jm6CvQfLtNIE8LX9N6JLnXTuwR+sIYnXzaWp6anOg0QQw==",
      "peer": true,
      "engines": {
        "node": ">= 10.x"
      }
    },
    "node_modules/tslib": {
      "version": "2.3.1",
      "resolved": "https://registry.npmjs.org/tslib/-/tslib-2.3.1.tgz",
      "integrity": "sha512-77EbyPPpMz+FRFRuAFlWMtmgUWGe9UOG2Z25NqCwiIjRhOf5iKGuzSe5P2w1laq+FkRy4p+PCuVkJSGkzTEKVw=="
    }
  },
  "dependencies": {
    "@graphql-tools/merge": {
      "version": "8.1.2",
      "resolved": "https://registry.npmjs.org/@graphql-tools/merge/-/merge-8.1.2.tgz",
      "integrity": "sha512-kFLd4kKNJXYXnKIhM8q9zgGAtbLmsy3WmGdDxYq3YHBJUogucAxnivQYyRIseUq37KGmSAIWu3pBQ23TKGsGOw==",
      "requires": {
        "@graphql-tools/utils": "^8.2.2",
        "tslib": "~2.3.0"
      }
    },
    "@graphql-tools/utils": {
      "version": "8.3.0",
      "resolved": "https://registry.npmjs.org/@graphql-tools/utils/-/utils-8.3.0.tgz",
      "integrity": "sha512-ksE0RxS0AFllo6KIJjvQsRgcUAzoyZUgUrDbCngv4SaQwyX9YxTfddTLN4uQmbiZB9h25fPp/Xgeyaa3ARCzgg==",
      "requires": {
        "tslib": "~2.3.0"
      }
    },
    "graphql": {
      "version": "15.6.1",
      "resolved": "https://registry.npmjs.org/graphql/-/graphql-15.6.1.tgz",
      "integrity": "sha512-3i5lu0z6dRvJ48QP9kFxBkJ7h4Kso7PS8eahyTFz5Jm6CvQfLtNIE8LX9N6JLnXTuwR+sIYnXzaWp6anOg0QQw==",
      "peer": true
    },
    "tslib": {
      "version": "2.3.1",
      "resolved": "https://registry.npmjs.org/tslib/-/tslib-2.3.1.tgz",
      "integrity": "sha512-77EbyPPpMz+FRFRuAFlWMtmgUWGe9UOG2Z25NqCwiIjRhOf5iKGuzSe5P2w1laq+FkRy4p+PCuVkJSGkzTEKVw=="
    }
  }
}
