{
  "name": "opencti-front",
  "version": "0.1.0",
  "lockfileVersion": 1,
  "requires": true,
  "dependencies": {
    "arr-diff": {
      "version": "4.0.0",
      "resolved": "https://registry.npmjs.org/arr-diff/-/arr-diff-4.0.0.tgz",
      "integrity": "sha1-1kYQdP6/7HHn4VI1dhoyml3HxSA="
    },
    "arr-flatten": {
      "version": "1.1.0",
      "resolved": "https://registry.npmjs.org/arr-flatten/-/arr-flatten-1.1.0.tgz",
      "integrity": "sha512-L3hKV5R/p5o81R7O02IGnwpDmkp6E982XhtbuwSe3O4qOtMMMtodicASA1Cny2U+aCXcNpml+m4dPsvsJ3jatg=="
    },
    "arr-union": {
      "version": "3.1.0",
      "resolved": "https://registry.npmjs.org/arr-union/-/arr-union-3.1.0.tgz",
      "integrity": "sha1-45sJrqne+Gao8gbiiK9jkZuuOcQ="
    },
    "array-unique": {
      "version": "0.3.2",
      "resolved": "https://registry.npmjs.org/array-unique/-/array-unique-0.3.2.tgz",
      "integrity": "sha1-qJS3XUvE9s1nnvMkSp/Y9Gri1Cg="
    },
    "assign-symbols": {
      "version": "1.0.0",
      "resolved": "https://registry.npmjs.org/assign-symbols/-/assign-symbols-1.0.0.tgz",
      "integrity": "sha1-WWZ/QfrdTyDMvCu5a41Pf3jsA2c="
    },
    "atob": {
      "version": "2.1.2",
      "resolved": "https://registry.npmjs.org/atob/-/atob-2.1.2.tgz",
      "integrity": "sha512-Wm6ukoaOGJi/73p/cl2GvLjTI5JM1k/O14isD73YML8StrH/7/lRFgmg8nICZgD3bZZvjwCGxtMOD3wWNAu8cg=="
    },
    "base": {
      "version": "0.11.2",
      "resolved": "https://registry.npmjs.org/base/-/base-0.11.2.tgz",
      "integrity": "sha512-5T6P4xPgpp0YDFvSWwEZ4NoE3aM4QBQXDzmVbraCkFj8zHM+mba8SyqB5DbZWyR7mYHo6Y7BdQo3MoA4m0TeQg==",
      "requires": {
        "cache-base": "1.0.1",
        "class-utils": "0.3.6",
        "component-emitter": "1.2.1",
        "define-property": "1.0.0",
        "isobject": "3.0.1",
        "mixin-deep": "1.3.1",
        "pascalcase": "0.1.1"
      },
      "dependencies": {
        "define-property": {
          "version": "1.0.0",
          "resolved": "https://registry.npmjs.org/define-property/-/define-property-1.0.0.tgz",
          "integrity": "sha1-dp66rz9KY6rTr56NMEybvnm/sOY=",
          "requires": {
            "is-descriptor": "1.0.2"
          }
        },
        "is-accessor-descriptor": {
          "version": "1.0.0",
          "resolved": "https://registry.npmjs.org/is-accessor-descriptor/-/is-accessor-descriptor-1.0.0.tgz",
          "integrity": "sha512-m5hnHTkcVsPfqx3AKlyttIPb7J+XykHvJP2B9bZDjlhLIoEq4XoK64Vg7boZlVWYK6LUY94dYPEE7Lh0ZkZKcQ==",
          "requires": {
            "kind-of": "6.0.2"
          }
        },
        "is-data-descriptor": {
          "version": "1.0.0",
          "resolved": "https://registry.npmjs.org/is-data-descriptor/-/is-data-descriptor-1.0.0.tgz",
          "integrity": "sha512-jbRXy1FmtAoCjQkVmIVYwuuqDFUbaOeDjmed1tOGPrsMhtJA4rD9tkgA0F1qJ3gRFRXcHYVkdeaP50Q5rE/jLQ==",
          "requires": {
            "kind-of": "6.0.2"
          }
        },
        "is-descriptor": {
          "version": "1.0.2",
          "resolved": "https://registry.npmjs.org/is-descriptor/-/is-descriptor-1.0.2.tgz",
          "integrity": "sha512-2eis5WqQGV7peooDyLmNEPUrps9+SXX5c9pL3xEB+4e9HnGuDa7mB7kHxHw4CbqS9k1T2hOH3miL8n8WtiYVtg==",
          "requires": {
            "is-accessor-descriptor": "1.0.0",
            "is-data-descriptor": "1.0.0",
            "kind-of": "6.0.2"
          }
        }
      }
    },
    "braces": {
      "version": "2.3.2",
      "resolved": "https://registry.npmjs.org/braces/-/braces-2.3.2.tgz",
      "integrity": "sha512-aNdbnj9P8PjdXU4ybaWLK2IF3jc/EoDYbC7AazW6to3TRsfXxscC9UXOB5iDiEQrkyIbWp2SLQda4+QAa7nc3w==",
      "requires": {
        "arr-flatten": "1.1.0",
        "array-unique": "0.3.2",
        "extend-shallow": "2.0.1",
        "fill-range": "4.0.0",
        "isobject": "3.0.1",
        "repeat-element": "1.1.3",
        "snapdragon": "0.8.2",
        "snapdragon-node": "2.1.1",
        "split-string": "3.1.0",
        "to-regex": "3.0.2"
      },
      "dependencies": {
        "extend-shallow": {
          "version": "2.0.1",
          "resolved": "https://registry.npmjs.org/extend-shallow/-/extend-shallow-2.0.1.tgz",
          "integrity": "sha1-Ua99YUrZqfYQ6huvu5idaxxWiQ8=",
          "requires": {
            "is-extendable": "0.1.1"
          }
        }
      }
    },
    "cache-base": {
      "version": "1.0.1",
      "resolved": "https://registry.npmjs.org/cache-base/-/cache-base-1.0.1.tgz",
      "integrity": "sha512-AKcdTnFSWATd5/GCPRxr2ChwIJ85CeyrEyjRHlKxQ56d4XJMGym0uAiKn0xbLOGOl3+yRpOTi484dVCEc5AUzQ==",
      "requires": {
        "collection-visit": "1.0.0",
        "component-emitter": "1.2.1",
        "get-value": "2.0.6",
        "has-value": "1.0.0",
        "isobject": "3.0.1",
        "set-value": "2.0.0",
        "to-object-path": "0.3.0",
        "union-value": "1.0.0",
        "unset-value": "1.0.0"
      }
    },
    "class-utils": {
      "version": "0.3.6",
      "resolved": "https://registry.npmjs.org/class-utils/-/class-utils-0.3.6.tgz",
      "integrity": "sha512-qOhPa/Fj7s6TY8H8esGu5QNpMMQxz79h+urzrNYN6mn+9BnxlDGf5QZ+XeCDsxSjPqsSR56XOZOJmpeurnLMeg==",
      "requires": {
        "arr-union": "3.1.0",
        "define-property": "0.2.5",
        "isobject": "3.0.1",
        "static-extend": "0.1.2"
      },
      "dependencies": {
        "define-property": {
          "version": "0.2.5",
          "resolved": "https://registry.npmjs.org/define-property/-/define-property-0.2.5.tgz",
          "integrity": "sha1-w1se+RjsPJkPmlvFe+BKrOxcgRY=",
          "requires": {
            "is-descriptor": "0.1.6"
          }
        }
      }
    },
    "collection-visit": {
      "version": "1.0.0",
      "resolved": "https://registry.npmjs.org/collection-visit/-/collection-visit-1.0.0.tgz",
      "integrity": "sha1-S8A3PBZLwykbTTaMgpzxqApZ3KA=",
      "requires": {
        "map-visit": "1.0.0",
        "object-visit": "1.0.1"
      }
    },
    "component-emitter": {
      "version": "1.2.1",
      "resolved": "https://registry.npmjs.org/component-emitter/-/component-emitter-1.2.1.tgz",
      "integrity": "sha1-E3kY1teCg/ffemt8WmPhQOaUJeY="
    },
    "copy-descriptor": {
      "version": "0.1.1",
      "resolved": "https://registry.npmjs.org/copy-descriptor/-/copy-descriptor-0.1.1.tgz",
      "integrity": "sha1-Z29us8OZl8LuGsOpJP1hJHSPV40="
    },
    "debug": {
      "version": "3.1.0",
      "resolved": "https://registry.npmjs.org/debug/-/debug-3.1.0.tgz",
      "integrity": "sha512-OX8XqP7/1a9cqkxYw2yXss15f26NKWBpDXQd0/uK/KPqdQhxbPa994hnzjcE2VqQpDslf55723cKPUOGSmMY3g==",
      "requires": {
        "ms": "2.0.0"
      }
    },
    "decode-uri-component": {
      "version": "0.2.0",
      "resolved": "https://registry.npmjs.org/decode-uri-component/-/decode-uri-component-0.2.0.tgz",
      "integrity": "sha1-6zkTMzRYd1y4TNGh+uBiEGu4dUU="
    },
    "define-property": {
      "version": "2.0.2",
      "resolved": "https://registry.npmjs.org/define-property/-/define-property-2.0.2.tgz",
      "integrity": "sha512-jwK2UV4cnPpbcG7+VRARKTZPUWowwXA8bzH5NP6ud0oeAxyYPuGZUAC7hMugpCdz4BeSZl2Dl9k66CHJ/46ZYQ==",
      "requires": {
        "is-descriptor": "1.0.2",
        "isobject": "3.0.1"
      },
      "dependencies": {
        "is-accessor-descriptor": {
          "version": "1.0.0",
          "resolved": "https://registry.npmjs.org/is-accessor-descriptor/-/is-accessor-descriptor-1.0.0.tgz",
          "integrity": "sha512-m5hnHTkcVsPfqx3AKlyttIPb7J+XykHvJP2B9bZDjlhLIoEq4XoK64Vg7boZlVWYK6LUY94dYPEE7Lh0ZkZKcQ==",
          "requires": {
            "kind-of": "6.0.2"
          }
        },
        "is-data-descriptor": {
          "version": "1.0.0",
          "resolved": "https://registry.npmjs.org/is-data-descriptor/-/is-data-descriptor-1.0.0.tgz",
          "integrity": "sha512-jbRXy1FmtAoCjQkVmIVYwuuqDFUbaOeDjmed1tOGPrsMhtJA4rD9tkgA0F1qJ3gRFRXcHYVkdeaP50Q5rE/jLQ==",
          "requires": {
            "kind-of": "6.0.2"
          }
        },
        "is-descriptor": {
          "version": "1.0.2",
          "resolved": "https://registry.npmjs.org/is-descriptor/-/is-descriptor-1.0.2.tgz",
          "integrity": "sha512-2eis5WqQGV7peooDyLmNEPUrps9+SXX5c9pL3xEB+4e9HnGuDa7mB7kHxHw4CbqS9k1T2hOH3miL8n8WtiYVtg==",
          "requires": {
            "is-accessor-descriptor": "1.0.0",
            "is-data-descriptor": "1.0.0",
            "kind-of": "6.0.2"
          }
        }
      }
    },
    "eventemitter3": {
      "version": "3.1.0",
      "resolved": "https://registry.npmjs.org/eventemitter3/-/eventemitter3-3.1.0.tgz",
      "integrity": "sha512-ivIvhpq/Y0uSjcHDcOIccjmYjGLcP09MFGE7ysAwkAvkXfpZlC985pH2/ui64DKazbTW/4kN3yqozUxlXzI6cA=="
    },
    "expand-brackets": {
      "version": "2.1.4",
      "resolved": "https://registry.npmjs.org/expand-brackets/-/expand-brackets-2.1.4.tgz",
      "integrity": "sha1-t3c14xXOMPa27/D4OwQVGiJEliI=",
      "requires": {
        "debug": "2.6.9",
        "define-property": "0.2.5",
        "extend-shallow": "2.0.1",
        "posix-character-classes": "0.1.1",
        "regex-not": "1.0.2",
        "snapdragon": "0.8.2",
        "to-regex": "3.0.2"
      },
      "dependencies": {
        "debug": {
          "version": "2.6.9",
          "resolved": "https://registry.npmjs.org/debug/-/debug-2.6.9.tgz",
          "integrity": "sha512-bC7ElrdJaJnPbAP+1EotYvqZsb3ecl5wi6Bfi6BJTUcNowp6cvspg0jXznRTKDjm/E7AdgFBVeAPVMNcKGsHMA==",
          "requires": {
            "ms": "2.0.0"
          }
        },
        "define-property": {
          "version": "0.2.5",
          "resolved": "https://registry.npmjs.org/define-property/-/define-property-0.2.5.tgz",
          "integrity": "sha1-w1se+RjsPJkPmlvFe+BKrOxcgRY=",
          "requires": {
            "is-descriptor": "0.1.6"
          }
        },
        "extend-shallow": {
          "version": "2.0.1",
          "resolved": "https://registry.npmjs.org/extend-shallow/-/extend-shallow-2.0.1.tgz",
          "integrity": "sha1-Ua99YUrZqfYQ6huvu5idaxxWiQ8=",
          "requires": {
            "is-extendable": "0.1.1"
          }
        }
      }
    },
    "extend-shallow": {
      "version": "3.0.2",
      "resolved": "https://registry.npmjs.org/extend-shallow/-/extend-shallow-3.0.2.tgz",
      "integrity": "sha1-Jqcarwc7OfshJxcnRhMcJwQCjbg=",
      "requires": {
        "assign-symbols": "1.0.0",
        "is-extendable": "1.0.1"
      },
      "dependencies": {
        "is-extendable": {
          "version": "1.0.1",
          "resolved": "https://registry.npmjs.org/is-extendable/-/is-extendable-1.0.1.tgz",
          "integrity": "sha512-arnXMxT1hhoKo9k1LZdmlNyJdDDfy2v0fXjFlmok4+i8ul/6WlbVge9bhM74OpNPQPMGUToDtz+KXa1PneJxOA==",
          "requires": {
            "is-plain-object": "2.0.4"
          }
        }
      }
    },
    "extglob": {
      "version": "2.0.4",
      "resolved": "https://registry.npmjs.org/extglob/-/extglob-2.0.4.tgz",
      "integrity": "sha512-Nmb6QXkELsuBr24CJSkilo6UHHgbekK5UiZgfE6UHD3Eb27YC6oD+bhcT+tJ6cl8dmsgdQxnWlcry8ksBIBLpw==",
      "requires": {
        "array-unique": "0.3.2",
        "define-property": "1.0.0",
        "expand-brackets": "2.1.4",
        "extend-shallow": "2.0.1",
        "fragment-cache": "0.2.1",
        "regex-not": "1.0.2",
        "snapdragon": "0.8.2",
        "to-regex": "3.0.2"
      },
      "dependencies": {
        "define-property": {
          "version": "1.0.0",
          "resolved": "https://registry.npmjs.org/define-property/-/define-property-1.0.0.tgz",
          "integrity": "sha1-dp66rz9KY6rTr56NMEybvnm/sOY=",
          "requires": {
            "is-descriptor": "1.0.2"
          }
        },
        "extend-shallow": {
          "version": "2.0.1",
          "resolved": "https://registry.npmjs.org/extend-shallow/-/extend-shallow-2.0.1.tgz",
          "integrity": "sha1-Ua99YUrZqfYQ6huvu5idaxxWiQ8=",
          "requires": {
            "is-extendable": "0.1.1"
          }
        },
        "is-accessor-descriptor": {
          "version": "1.0.0",
          "resolved": "https://registry.npmjs.org/is-accessor-descriptor/-/is-accessor-descriptor-1.0.0.tgz",
          "integrity": "sha512-m5hnHTkcVsPfqx3AKlyttIPb7J+XykHvJP2B9bZDjlhLIoEq4XoK64Vg7boZlVWYK6LUY94dYPEE7Lh0ZkZKcQ==",
          "requires": {
            "kind-of": "6.0.2"
          }
        },
        "is-data-descriptor": {
          "version": "1.0.0",
          "resolved": "https://registry.npmjs.org/is-data-descriptor/-/is-data-descriptor-1.0.0.tgz",
          "integrity": "sha512-jbRXy1FmtAoCjQkVmIVYwuuqDFUbaOeDjmed1tOGPrsMhtJA4rD9tkgA0F1qJ3gRFRXcHYVkdeaP50Q5rE/jLQ==",
          "requires": {
            "kind-of": "6.0.2"
          }
        },
        "is-descriptor": {
          "version": "1.0.2",
          "resolved": "https://registry.npmjs.org/is-descriptor/-/is-descriptor-1.0.2.tgz",
          "integrity": "sha512-2eis5WqQGV7peooDyLmNEPUrps9+SXX5c9pL3xEB+4e9HnGuDa7mB7kHxHw4CbqS9k1T2hOH3miL8n8WtiYVtg==",
          "requires": {
            "is-accessor-descriptor": "1.0.0",
            "is-data-descriptor": "1.0.0",
            "kind-of": "6.0.2"
          }
        }
      }
    },
    "fill-range": {
      "version": "4.0.0",
      "resolved": "https://registry.npmjs.org/fill-range/-/fill-range-4.0.0.tgz",
      "integrity": "sha1-1USBHUKPmOsGpj3EAtJAPDKMOPc=",
      "requires": {
        "extend-shallow": "2.0.1",
        "is-number": "3.0.0",
        "repeat-string": "1.6.1",
        "to-regex-range": "2.1.1"
      },
      "dependencies": {
        "extend-shallow": {
          "version": "2.0.1",
          "resolved": "https://registry.npmjs.org/extend-shallow/-/extend-shallow-2.0.1.tgz",
          "integrity": "sha1-Ua99YUrZqfYQ6huvu5idaxxWiQ8=",
          "requires": {
            "is-extendable": "0.1.1"
          }
        }
      }
    },
    "follow-redirects": {
      "version": "1.5.9",
      "resolved": "https://registry.npmjs.org/follow-redirects/-/follow-redirects-1.5.9.tgz",
      "integrity": "sha512-Bh65EZI/RU8nx0wbYF9shkFZlqLP+6WT/5FnA3cE/djNSuKNHJEinGGZgu/cQEkeeb2GdFOgenAmn8qaqYke2w==",
      "requires": {
        "debug": "3.1.0"
      }
    },
    "for-in": {
      "version": "1.0.2",
      "resolved": "https://registry.npmjs.org/for-in/-/for-in-1.0.2.tgz",
      "integrity": "sha1-gQaNKVqBQuwKxybG4iAMMPttXoA="
    },
    "fragment-cache": {
      "version": "0.2.1",
      "resolved": "https://registry.npmjs.org/fragment-cache/-/fragment-cache-0.2.1.tgz",
      "integrity": "sha1-QpD60n8T6Jvn8zeZxrxaCr//DRk=",
      "requires": {
        "map-cache": "0.2.2"
      }
    },
    "get-value": {
      "version": "2.0.6",
      "resolved": "https://registry.npmjs.org/get-value/-/get-value-2.0.6.tgz",
      "integrity": "sha1-3BXKHGcjh8p2vTesCjlbogQqLCg="
    },
    "has-value": {
      "version": "1.0.0",
      "resolved": "https://registry.npmjs.org/has-value/-/has-value-1.0.0.tgz",
      "integrity": "sha1-GLKB2lhbHFxR3vJMkw7SmgvmsXc=",
      "requires": {
        "get-value": "2.0.6",
        "has-values": "1.0.0",
        "isobject": "3.0.1"
      }
    },
    "has-values": {
      "version": "1.0.0",
      "resolved": "https://registry.npmjs.org/has-values/-/has-values-1.0.0.tgz",
      "integrity": "sha1-lbC2P+whRmGab+V/51Yo1aOe/k8=",
      "requires": {
        "is-number": "3.0.0",
        "kind-of": "4.0.0"
      },
      "dependencies": {
        "kind-of": {
          "version": "4.0.0",
          "resolved": "https://registry.npmjs.org/kind-of/-/kind-of-4.0.0.tgz",
          "integrity": "sha1-IIE989cSkosgc3hpGkUGb65y3Vc=",
          "requires": {
            "is-buffer": "1.1.6"
          }
        }
      }
    },
    "http-proxy": {
      "version": "1.17.0",
      "resolved": "https://registry.npmjs.org/http-proxy/-/http-proxy-1.17.0.tgz",
      "integrity": "sha512-Taqn+3nNvYRfJ3bGvKfBSRwy1v6eePlm3oc/aWVxZp57DQr5Eq3xhKJi7Z4hZpS8PC3H4qI+Yly5EmFacGuA/g==",
      "requires": {
        "eventemitter3": "3.1.0",
        "follow-redirects": "1.5.9",
        "requires-port": "1.0.0"
      }
    },
    "http-proxy-middleware": {
      "version": "0.19.0",
      "resolved": "https://registry.npmjs.org/http-proxy-middleware/-/http-proxy-middleware-0.19.0.tgz",
      "integrity": "sha512-Ab/zKDy2B0404mz83bgki0HHv/xqpYKAyFXhopAiJaVAUSJfLYrpBYynTl4ZSUJ7TqrAgjarTsxdX5yBb4unRQ==",
      "requires": {
        "http-proxy": "1.17.0",
        "is-glob": "4.0.0",
        "lodash": "4.17.11",
        "micromatch": "3.1.10"
      }
    },
    "is-accessor-descriptor": {
      "version": "0.1.6",
      "resolved": "https://registry.npmjs.org/is-accessor-descriptor/-/is-accessor-descriptor-0.1.6.tgz",
      "integrity": "sha1-qeEss66Nh2cn7u84Q/igiXtcmNY=",
      "requires": {
        "kind-of": "3.2.2"
      },
      "dependencies": {
        "kind-of": {
          "version": "3.2.2",
          "resolved": "https://registry.npmjs.org/kind-of/-/kind-of-3.2.2.tgz",
          "integrity": "sha1-MeohpzS6ubuw8yRm2JOupR5KPGQ=",
          "requires": {
            "is-buffer": "1.1.6"
          }
        }
      }
    },
    "is-buffer": {
      "version": "1.1.6",
      "resolved": "https://registry.npmjs.org/is-buffer/-/is-buffer-1.1.6.tgz",
      "integrity": "sha512-NcdALwpXkTm5Zvvbk7owOUSvVvBKDgKP5/ewfXEznmQFfs4ZRmanOeKBTjRVjka3QFoN6XJ+9F3USqfHqTaU5w=="
    },
    "is-data-descriptor": {
      "version": "0.1.4",
      "resolved": "https://registry.npmjs.org/is-data-descriptor/-/is-data-descriptor-0.1.4.tgz",
      "integrity": "sha1-C17mSDiOLIYCgueT8YVv7D8wG1Y=",
      "requires": {
        "kind-of": "3.2.2"
      },
      "dependencies": {
        "kind-of": {
          "version": "3.2.2",
          "resolved": "https://registry.npmjs.org/kind-of/-/kind-of-3.2.2.tgz",
          "integrity": "sha1-MeohpzS6ubuw8yRm2JOupR5KPGQ=",
          "requires": {
            "is-buffer": "1.1.6"
          }
        }
      }
    },
    "is-descriptor": {
      "version": "0.1.6",
      "resolved": "https://registry.npmjs.org/is-descriptor/-/is-descriptor-0.1.6.tgz",
      "integrity": "sha512-avDYr0SB3DwO9zsMov0gKCESFYqCnE4hq/4z3TdUlukEy5t9C0YRq7HLrsN52NAcqXKaepeCD0n+B0arnVG3Hg==",
      "requires": {
        "is-accessor-descriptor": "0.1.6",
        "is-data-descriptor": "0.1.4",
        "kind-of": "5.1.0"
      },
      "dependencies": {
        "kind-of": {
          "version": "5.1.0",
          "resolved": "https://registry.npmjs.org/kind-of/-/kind-of-5.1.0.tgz",
          "integrity": "sha512-NGEErnH6F2vUuXDh+OlbcKW7/wOcfdRHaZ7VWtqCztfHri/++YKmP51OdWeGPuqCOba6kk2OTe5d02VmTB80Pw=="
        }
      }
    },
    "is-extendable": {
      "version": "0.1.1",
      "resolved": "https://registry.npmjs.org/is-extendable/-/is-extendable-0.1.1.tgz",
      "integrity": "sha1-YrEQ4omkcUGOPsNqYX1HLjAd/Ik="
    },
    "is-extglob": {
      "version": "2.1.1",
      "resolved": "https://registry.npmjs.org/is-extglob/-/is-extglob-2.1.1.tgz",
      "integrity": "sha1-qIwCU1eR8C7TfHahueqXc8gz+MI="
    },
    "is-glob": {
      "version": "4.0.0",
      "resolved": "https://registry.npmjs.org/is-glob/-/is-glob-4.0.0.tgz",
      "integrity": "sha1-lSHHaEXMJhCoUgPd8ICpWML/q8A=",
      "requires": {
        "is-extglob": "2.1.1"
      }
    },
    "is-number": {
      "version": "3.0.0",
      "resolved": "https://registry.npmjs.org/is-number/-/is-number-3.0.0.tgz",
      "integrity": "sha1-JP1iAaR4LPUFYcgQJ2r8fRLXEZU=",
      "requires": {
        "kind-of": "3.2.2"
      },
      "dependencies": {
        "kind-of": {
          "version": "3.2.2",
          "resolved": "https://registry.npmjs.org/kind-of/-/kind-of-3.2.2.tgz",
          "integrity": "sha1-MeohpzS6ubuw8yRm2JOupR5KPGQ=",
          "requires": {
            "is-buffer": "1.1.6"
          }
        }
      }
    },
    "is-plain-object": {
      "version": "2.0.4",
      "resolved": "https://registry.npmjs.org/is-plain-object/-/is-plain-object-2.0.4.tgz",
      "integrity": "sha512-h5PpgXkWitc38BBMYawTYMWJHFZJVnBquFE57xFpjB8pJFiF6gZ+bU+WyI/yqXiFR5mdLsgYNaPe8uao6Uv9Og==",
      "requires": {
        "isobject": "3.0.1"
      }
    },
    "is-windows": {
      "version": "1.0.2",
      "resolved": "https://registry.npmjs.org/is-windows/-/is-windows-1.0.2.tgz",
      "integrity": "sha512-eXK1UInq2bPmjyX6e3VHIzMLobc4J94i4AWn+Hpq3OU5KkrRC96OAcR3PRJ/pGu6m8TRnBHP9dkXQVsT/COVIA=="
    },
    "isarray": {
      "version": "1.0.0",
      "resolved": "https://registry.npmjs.org/isarray/-/isarray-1.0.0.tgz",
      "integrity": "sha1-u5NdSFgsuhaMBoNJV6VKPgcSTxE="
    },
    "isobject": {
      "version": "3.0.1",
      "resolved": "https://registry.npmjs.org/isobject/-/isobject-3.0.1.tgz",
      "integrity": "sha1-TkMekrEalzFjaqH5yNHMvP2reN8="
    },
    "kind-of": {
      "version": "6.0.2",
      "resolved": "https://registry.npmjs.org/kind-of/-/kind-of-6.0.2.tgz",
      "integrity": "sha512-s5kLOcnH0XqDO+FvuaLX8DDjZ18CGFk7VygH40QoKPUQhW4e2rvM0rwUq0t8IQDOwYSeLK01U90OjzBTme2QqA=="
    },
    "lodash": {
      "version": "4.17.11",
      "resolved": "https://registry.npmjs.org/lodash/-/lodash-4.17.11.tgz",
      "integrity": "sha512-cQKh8igo5QUhZ7lg38DYWAxMvjSAKG0A8wGSVimP07SIUEK2UO+arSRKbRZWtelMtN5V0Hkwh5ryOto/SshYIg=="
    },
    "map-cache": {
      "version": "0.2.2",
      "resolved": "https://registry.npmjs.org/map-cache/-/map-cache-0.2.2.tgz",
      "integrity": "sha1-wyq9C9ZSXZsFFkW7TyasXcmKDb8="
    },
    "map-visit": {
      "version": "1.0.0",
      "resolved": "https://registry.npmjs.org/map-visit/-/map-visit-1.0.0.tgz",
      "integrity": "sha1-7Nyo8TFE5mDxtb1B8S80edmN+48=",
      "requires": {
        "object-visit": "1.0.1"
      }
    },
    "micromatch": {
      "version": "3.1.10",
      "resolved": "https://registry.npmjs.org/micromatch/-/micromatch-3.1.10.tgz",
      "integrity": "sha512-MWikgl9n9M3w+bpsY3He8L+w9eF9338xRl8IAO5viDizwSzziFEyUzo2xrrloB64ADbTf8uA8vRqqttDTOmccg==",
      "requires": {
        "arr-diff": "4.0.0",
        "array-unique": "0.3.2",
        "braces": "2.3.2",
        "define-property": "2.0.2",
        "extend-shallow": "3.0.2",
        "extglob": "2.0.4",
        "fragment-cache": "0.2.1",
        "kind-of": "6.0.2",
        "nanomatch": "1.2.13",
        "object.pick": "1.3.0",
        "regex-not": "1.0.2",
        "snapdragon": "0.8.2",
        "to-regex": "3.0.2"
      }
    },
    "mixin-deep": {
      "version": "1.3.1",
      "resolved": "https://registry.npmjs.org/mixin-deep/-/mixin-deep-1.3.1.tgz",
      "integrity": "sha512-8ZItLHeEgaqEvd5lYBXfm4EZSFCX29Jb9K+lAHhDKzReKBQKj3R+7NOF6tjqYi9t4oI8VUfaWITJQm86wnXGNQ==",
      "requires": {
        "for-in": "1.0.2",
        "is-extendable": "1.0.1"
      },
      "dependencies": {
        "is-extendable": {
          "version": "1.0.1",
          "resolved": "https://registry.npmjs.org/is-extendable/-/is-extendable-1.0.1.tgz",
          "integrity": "sha512-arnXMxT1hhoKo9k1LZdmlNyJdDDfy2v0fXjFlmok4+i8ul/6WlbVge9bhM74OpNPQPMGUToDtz+KXa1PneJxOA==",
          "requires": {
            "is-plain-object": "2.0.4"
          }
        }
      }
    },
    "ms": {
      "version": "2.0.0",
      "resolved": "https://registry.npmjs.org/ms/-/ms-2.0.0.tgz",
      "integrity": "sha1-VgiurfwAvmwpAd9fmGF4jeDVl8g="
    },
    "nanomatch": {
      "version": "1.2.13",
      "resolved": "https://registry.npmjs.org/nanomatch/-/nanomatch-1.2.13.tgz",
      "integrity": "sha512-fpoe2T0RbHwBTBUOftAfBPaDEi06ufaUai0mE6Yn1kacc3SnTErfb/h+X94VXzI64rKFHYImXSvdwGGCmwOqCA==",
      "requires": {
        "arr-diff": "4.0.0",
        "array-unique": "0.3.2",
        "define-property": "2.0.2",
        "extend-shallow": "3.0.2",
        "fragment-cache": "0.2.1",
        "is-windows": "1.0.2",
        "kind-of": "6.0.2",
        "object.pick": "1.3.0",
        "regex-not": "1.0.2",
        "snapdragon": "0.8.2",
        "to-regex": "3.0.2"
      }
    },
    "object-copy": {
      "version": "0.1.0",
      "resolved": "https://registry.npmjs.org/object-copy/-/object-copy-0.1.0.tgz",
      "integrity": "sha1-fn2Fi3gb18mRpBupde04EnVOmYw=",
      "requires": {
        "copy-descriptor": "0.1.1",
        "define-property": "0.2.5",
        "kind-of": "3.2.2"
      },
      "dependencies": {
        "define-property": {
          "version": "0.2.5",
          "resolved": "https://registry.npmjs.org/define-property/-/define-property-0.2.5.tgz",
          "integrity": "sha1-w1se+RjsPJkPmlvFe+BKrOxcgRY=",
          "requires": {
            "is-descriptor": "0.1.6"
          }
        },
        "kind-of": {
          "version": "3.2.2",
          "resolved": "https://registry.npmjs.org/kind-of/-/kind-of-3.2.2.tgz",
          "integrity": "sha1-MeohpzS6ubuw8yRm2JOupR5KPGQ=",
          "requires": {
            "is-buffer": "1.1.6"
          }
        }
      }
    },
    "object-visit": {
      "version": "1.0.1",
      "resolved": "https://registry.npmjs.org/object-visit/-/object-visit-1.0.1.tgz",
      "integrity": "sha1-95xEk68MU3e1n+OdOV5BBC3QRbs=",
      "requires": {
        "isobject": "3.0.1"
      }
    },
    "object.pick": {
      "version": "1.3.0",
      "resolved": "https://registry.npmjs.org/object.pick/-/object.pick-1.3.0.tgz",
      "integrity": "sha1-h6EKxMFpS9Lhy/U1kaZhQftd10c=",
      "requires": {
        "isobject": "3.0.1"
      }
    },
    "pascalcase": {
      "version": "0.1.1",
      "resolved": "https://registry.npmjs.org/pascalcase/-/pascalcase-0.1.1.tgz",
      "integrity": "sha1-s2PlXoAGym/iF4TS2yK9FdeRfxQ="
    },
    "posix-character-classes": {
      "version": "0.1.1",
      "resolved": "https://registry.npmjs.org/posix-character-classes/-/posix-character-classes-0.1.1.tgz",
      "integrity": "sha1-AerA/jta9xoqbAL+q7jB/vfgDqs="
    },
    "regex-not": {
      "version": "1.0.2",
      "resolved": "https://registry.npmjs.org/regex-not/-/regex-not-1.0.2.tgz",
      "integrity": "sha512-J6SDjUgDxQj5NusnOtdFxDwN/+HWykR8GELwctJ7mdqhcyy1xEc4SRFHUXvxTp661YaVKAjfRLZ9cCqS6tn32A==",
      "requires": {
        "extend-shallow": "3.0.2",
        "safe-regex": "1.1.0"
      }
    },
    "repeat-element": {
      "version": "1.1.3",
      "resolved": "https://registry.npmjs.org/repeat-element/-/repeat-element-1.1.3.tgz",
      "integrity": "sha512-ahGq0ZnV5m5XtZLMb+vP76kcAM5nkLqk0lpqAuojSKGgQtn4eRi4ZZGm2olo2zKFH+sMsWaqOCW1dqAnOru72g=="
    },
    "repeat-string": {
      "version": "1.6.1",
      "resolved": "https://registry.npmjs.org/repeat-string/-/repeat-string-1.6.1.tgz",
      "integrity": "sha1-jcrkcOHIirwtYA//Sndihtp15jc="
    },
    "requires-port": {
      "version": "1.0.0",
      "resolved": "https://registry.npmjs.org/requires-port/-/requires-port-1.0.0.tgz",
      "integrity": "sha1-kl0mAdOaxIXgkc8NpcbmlNw9yv8="
    },
    "resolve-url": {
      "version": "0.2.1",
      "resolved": "https://registry.npmjs.org/resolve-url/-/resolve-url-0.2.1.tgz",
      "integrity": "sha1-LGN/53yJOv0qZj/iGqkIAGjiBSo="
    },
    "ret": {
      "version": "0.1.15",
      "resolved": "https://registry.npmjs.org/ret/-/ret-0.1.15.tgz",
      "integrity": "sha512-TTlYpa+OL+vMMNG24xSlQGEJ3B/RzEfUlLct7b5G/ytav+wPrplCpVMFuwzXbkecJrb6IYo1iFb0S9v37754mg=="
    },
    "safe-regex": {
      "version": "1.1.0",
      "resolved": "https://registry.npmjs.org/safe-regex/-/safe-regex-1.1.0.tgz",
      "integrity": "sha1-QKNmnzsHfR6UPURinhV91IAjvy4=",
      "requires": {
        "ret": "0.1.15"
      }
    },
    "set-value": {
      "version": "2.0.0",
      "resolved": "https://registry.npmjs.org/set-value/-/set-value-2.0.0.tgz",
      "integrity": "sha512-hw0yxk9GT/Hr5yJEYnHNKYXkIA8mVJgd9ditYZCe16ZczcaELYYcfvaXesNACk2O8O0nTiPQcQhGUQj8JLzeeg==",
      "requires": {
        "extend-shallow": "2.0.1",
        "is-extendable": "0.1.1",
        "is-plain-object": "2.0.4",
        "split-string": "3.1.0"
      },
      "dependencies": {
        "extend-shallow": {
          "version": "2.0.1",
          "resolved": "https://registry.npmjs.org/extend-shallow/-/extend-shallow-2.0.1.tgz",
          "integrity": "sha1-Ua99YUrZqfYQ6huvu5idaxxWiQ8=",
          "requires": {
            "is-extendable": "0.1.1"
          }
        }
      }
    },
    "snapdragon": {
      "version": "0.8.2",
      "resolved": "https://registry.npmjs.org/snapdragon/-/snapdragon-0.8.2.tgz",
      "integrity": "sha512-FtyOnWN/wCHTVXOMwvSv26d+ko5vWlIDD6zoUJ7LW8vh+ZBC8QdljveRP+crNrtBwioEUWy/4dMtbBjA4ioNlg==",
      "requires": {
        "base": "0.11.2",
        "debug": "2.6.9",
        "define-property": "0.2.5",
        "extend-shallow": "2.0.1",
        "map-cache": "0.2.2",
        "source-map": "0.5.7",
        "source-map-resolve": "0.5.2",
        "use": "3.1.1"
      },
      "dependencies": {
        "debug": {
          "version": "2.6.9",
          "resolved": "https://registry.npmjs.org/debug/-/debug-2.6.9.tgz",
          "integrity": "sha512-bC7ElrdJaJnPbAP+1EotYvqZsb3ecl5wi6Bfi6BJTUcNowp6cvspg0jXznRTKDjm/E7AdgFBVeAPVMNcKGsHMA==",
          "requires": {
            "ms": "2.0.0"
          }
        },
        "define-property": {
          "version": "0.2.5",
          "resolved": "https://registry.npmjs.org/define-property/-/define-property-0.2.5.tgz",
          "integrity": "sha1-w1se+RjsPJkPmlvFe+BKrOxcgRY=",
          "requires": {
            "is-descriptor": "0.1.6"
          }
        },
        "extend-shallow": {
          "version": "2.0.1",
          "resolved": "https://registry.npmjs.org/extend-shallow/-/extend-shallow-2.0.1.tgz",
          "integrity": "sha1-Ua99YUrZqfYQ6huvu5idaxxWiQ8=",
          "requires": {
            "is-extendable": "0.1.1"
          }
        }
      }
    },
    "snapdragon-node": {
      "version": "2.1.1",
      "resolved": "https://registry.npmjs.org/snapdragon-node/-/snapdragon-node-2.1.1.tgz",
      "integrity": "sha512-O27l4xaMYt/RSQ5TR3vpWCAB5Kb/czIcqUFOM/C4fYcLnbZUc1PkjTAMjof2pBWaSTwOUd6qUHcFGVGj7aIwnw==",
      "requires": {
        "define-property": "1.0.0",
        "isobject": "3.0.1",
        "snapdragon-util": "3.0.1"
      },
      "dependencies": {
        "define-property": {
          "version": "1.0.0",
          "resolved": "https://registry.npmjs.org/define-property/-/define-property-1.0.0.tgz",
          "integrity": "sha1-dp66rz9KY6rTr56NMEybvnm/sOY=",
          "requires": {
            "is-descriptor": "1.0.2"
          }
        },
        "is-accessor-descriptor": {
          "version": "1.0.0",
          "resolved": "https://registry.npmjs.org/is-accessor-descriptor/-/is-accessor-descriptor-1.0.0.tgz",
          "integrity": "sha512-m5hnHTkcVsPfqx3AKlyttIPb7J+XykHvJP2B9bZDjlhLIoEq4XoK64Vg7boZlVWYK6LUY94dYPEE7Lh0ZkZKcQ==",
          "requires": {
            "kind-of": "6.0.2"
          }
        },
        "is-data-descriptor": {
          "version": "1.0.0",
          "resolved": "https://registry.npmjs.org/is-data-descriptor/-/is-data-descriptor-1.0.0.tgz",
          "integrity": "sha512-jbRXy1FmtAoCjQkVmIVYwuuqDFUbaOeDjmed1tOGPrsMhtJA4rD9tkgA0F1qJ3gRFRXcHYVkdeaP50Q5rE/jLQ==",
          "requires": {
            "kind-of": "6.0.2"
          }
        },
        "is-descriptor": {
          "version": "1.0.2",
          "resolved": "https://registry.npmjs.org/is-descriptor/-/is-descriptor-1.0.2.tgz",
          "integrity": "sha512-2eis5WqQGV7peooDyLmNEPUrps9+SXX5c9pL3xEB+4e9HnGuDa7mB7kHxHw4CbqS9k1T2hOH3miL8n8WtiYVtg==",
          "requires": {
            "is-accessor-descriptor": "1.0.0",
            "is-data-descriptor": "1.0.0",
            "kind-of": "6.0.2"
          }
        }
      }
    },
    "snapdragon-util": {
      "version": "3.0.1",
      "resolved": "https://registry.npmjs.org/snapdragon-util/-/snapdragon-util-3.0.1.tgz",
      "integrity": "sha512-mbKkMdQKsjX4BAL4bRYTj21edOf8cN7XHdYUJEe+Zn99hVEYcMvKPct1IqNe7+AZPirn8BCDOQBHQZknqmKlZQ==",
      "requires": {
        "kind-of": "3.2.2"
      },
      "dependencies": {
        "kind-of": {
          "version": "3.2.2",
          "resolved": "https://registry.npmjs.org/kind-of/-/kind-of-3.2.2.tgz",
          "integrity": "sha1-MeohpzS6ubuw8yRm2JOupR5KPGQ=",
          "requires": {
            "is-buffer": "1.1.6"
          }
        }
      }
    },
    "source-map": {
      "version": "0.5.7",
      "resolved": "https://registry.npmjs.org/source-map/-/source-map-0.5.7.tgz",
      "integrity": "sha1-igOdLRAh0i0eoUyA2OpGi6LvP8w="
    },
    "source-map-resolve": {
      "version": "0.5.2",
      "resolved": "https://registry.npmjs.org/source-map-resolve/-/source-map-resolve-0.5.2.tgz",
      "integrity": "sha512-MjqsvNwyz1s0k81Goz/9vRBe9SZdB09Bdw+/zYyO+3CuPk6fouTaxscHkgtE8jKvf01kVfl8riHzERQ/kefaSA==",
      "requires": {
        "atob": "2.1.2",
        "decode-uri-component": "0.2.0",
        "resolve-url": "0.2.1",
        "source-map-url": "0.4.0",
        "urix": "0.1.0"
      }
    },
    "source-map-url": {
      "version": "0.4.0",
      "resolved": "https://registry.npmjs.org/source-map-url/-/source-map-url-0.4.0.tgz",
      "integrity": "sha1-PpNdfd1zYxuXZZlW1VEo6HtQhKM="
    },
    "split-string": {
      "version": "3.1.0",
      "resolved": "https://registry.npmjs.org/split-string/-/split-string-3.1.0.tgz",
      "integrity": "sha512-NzNVhJDYpwceVVii8/Hu6DKfD2G+NrQHlS/V/qgv763EYudVwEcMQNxd2lh+0VrUByXN/oJkl5grOhYWvQUYiw==",
      "requires": {
        "extend-shallow": "3.0.2"
      }
    },
    "static-extend": {
      "version": "0.1.2",
      "resolved": "https://registry.npmjs.org/static-extend/-/static-extend-0.1.2.tgz",
      "integrity": "sha1-YICcOcv/VTNyJv1eC1IPNB8ftcY=",
      "requires": {
        "define-property": "0.2.5",
        "object-copy": "0.1.0"
      },
      "dependencies": {
        "define-property": {
          "version": "0.2.5",
          "resolved": "https://registry.npmjs.org/define-property/-/define-property-0.2.5.tgz",
          "integrity": "sha1-w1se+RjsPJkPmlvFe+BKrOxcgRY=",
          "requires": {
            "is-descriptor": "0.1.6"
          }
        }
      }
    },
    "to-object-path": {
      "version": "0.3.0",
      "resolved": "https://registry.npmjs.org/to-object-path/-/to-object-path-0.3.0.tgz",
      "integrity": "sha1-KXWIt7Dn4KwI4E5nL4XB9JmeF68=",
      "requires": {
        "kind-of": "3.2.2"
      },
      "dependencies": {
        "kind-of": {
          "version": "3.2.2",
          "resolved": "https://registry.npmjs.org/kind-of/-/kind-of-3.2.2.tgz",
          "integrity": "sha1-MeohpzS6ubuw8yRm2JOupR5KPGQ=",
          "requires": {
            "is-buffer": "1.1.6"
          }
        }
      }
    },
    "to-regex": {
      "version": "3.0.2",
      "resolved": "https://registry.npmjs.org/to-regex/-/to-regex-3.0.2.tgz",
      "integrity": "sha512-FWtleNAtZ/Ki2qtqej2CXTOayOH9bHDQF+Q48VpWyDXjbYxA4Yz8iDB31zXOBUlOHHKidDbqGVrTUvQMPmBGBw==",
      "requires": {
        "define-property": "2.0.2",
        "extend-shallow": "3.0.2",
        "regex-not": "1.0.2",
        "safe-regex": "1.1.0"
      }
    },
    "to-regex-range": {
      "version": "2.1.1",
      "resolved": "https://registry.npmjs.org/to-regex-range/-/to-regex-range-2.1.1.tgz",
      "integrity": "sha1-fIDBe53+vlmeJzZ+DU3VWQFB2zg=",
      "requires": {
        "is-number": "3.0.0",
        "repeat-string": "1.6.1"
      }
    },
    "union-value": {
      "version": "1.0.0",
      "resolved": "https://registry.npmjs.org/union-value/-/union-value-1.0.0.tgz",
      "integrity": "sha1-XHHDTLW61dzr4+oM0IIHulqhrqQ=",
      "requires": {
        "arr-union": "3.1.0",
        "get-value": "2.0.6",
        "is-extendable": "0.1.1",
        "set-value": "0.4.3"
      },
      "dependencies": {
        "extend-shallow": {
          "version": "2.0.1",
          "resolved": "https://registry.npmjs.org/extend-shallow/-/extend-shallow-2.0.1.tgz",
          "integrity": "sha1-Ua99YUrZqfYQ6huvu5idaxxWiQ8=",
          "requires": {
            "is-extendable": "0.1.1"
          }
        },
        "set-value": {
          "version": "0.4.3",
          "resolved": "https://registry.npmjs.org/set-value/-/set-value-0.4.3.tgz",
          "integrity": "sha1-fbCPnT0i3H945Trzw79GZuzfzPE=",
          "requires": {
            "extend-shallow": "2.0.1",
            "is-extendable": "0.1.1",
            "is-plain-object": "2.0.4",
            "to-object-path": "0.3.0"
          }
        }
      }
    },
    "unset-value": {
      "version": "1.0.0",
      "resolved": "https://registry.npmjs.org/unset-value/-/unset-value-1.0.0.tgz",
      "integrity": "sha1-g3aHP30jNRef+x5vw6jtDfyKtVk=",
      "requires": {
        "has-value": "0.3.1",
        "isobject": "3.0.1"
      },
      "dependencies": {
        "has-value": {
          "version": "0.3.1",
          "resolved": "https://registry.npmjs.org/has-value/-/has-value-0.3.1.tgz",
          "integrity": "sha1-ex9YutpiyoJ+wKIHgCVlSEWZXh8=",
          "requires": {
            "get-value": "2.0.6",
            "has-values": "0.1.4",
            "isobject": "2.1.0"
          },
          "dependencies": {
            "isobject": {
              "version": "2.1.0",
              "resolved": "https://registry.npmjs.org/isobject/-/isobject-2.1.0.tgz",
              "integrity": "sha1-8GVWEJaj8dou9GJy+BXIQNh+DIk=",
              "requires": {
                "isarray": "1.0.0"
              }
            }
          }
        },
        "has-values": {
          "version": "0.1.4",
          "resolved": "https://registry.npmjs.org/has-values/-/has-values-0.1.4.tgz",
          "integrity": "sha1-bWHeldkd/Km5oCCJrThL/49it3E="
        }
      }
    },
    "urix": {
      "version": "0.1.0",
      "resolved": "https://registry.npmjs.org/urix/-/urix-0.1.0.tgz",
      "integrity": "sha1-2pN/emLiH+wf0Y1Js1wpNQZ6bHI="
    },
    "use": {
      "version": "3.1.1",
      "resolved": "https://registry.npmjs.org/use/-/use-3.1.1.tgz",
      "integrity": "sha512-cwESVXlO3url9YWlFW/TA9cshCEhtu7IKJ/p5soJ/gGpj7vbvFrAY/eIioQ6Dw23KjZhYgiIo8HOs1nQ2vr/oQ=="
    }
  }
}
